Microsoft Visual Studio Solution File, Format Version 12.00
# Visual Studio Version 17
VisualStudioVersion = 17.5.33530.505
MinimumVisualStudioVersion = 10.0.40219.1
Project("{8BC9CEB8-8B4A-11D0-8D11-00A0C91BC942}") = "AliceCore", "AliceCore\AliceCore.vcxproj", "{13265FD0-FA71-A7FB-11CD-0B1DFF14B1E6}"
EndProject
Project("{8BC9CEB8-8B4A-11D0-8D11-00A0C91BC942}") = "AliceServer", "AliceServer\AliceServer.vcxproj", "{89615477-0F19-E7EF-4FC6-ABEEA9BC2754}"
EndProject
Project("{FAE04EC0-301F-11D3-BF4B-00C04F79EFBC}") = "Alice.SDK", "AliceSdk\Alice.SDK.csproj", "{8E995D03-E003-FA6D-368B-B8FB2A1838E4}"
EndProject
Project("{FAE04EC0-301F-11D3-BF4B-00C04F79EFBC}") = "AliceManager", "AliceManager\AliceManager.csproj", "{B0C2C689-041F-43DE-8F4A-05D220D86C93}"
EndProject
Global
	GlobalSection(SolutionConfigurationPlatforms) = preSolution
		Debug|Any CPU = Debug|Any CPU
		Debug|x64 = Debug|x64
		Release|Any CPU = Release|Any CPU
		Release|x64 = Release|x64
	EndGlobalSection
	GlobalSection(ProjectConfigurationPlatforms) = postSolution
		{13265FD0-FA71-A7FB-11CD-0B1DFF14B1E6}.Debug|Any CPU.ActiveCfg = Debug|x64
		{13265FD0-FA71-A7FB-11CD-0B1DFF14B1E6}.Debug|Any CPU.Build.0 = Debug|x64
		{13265FD0-FA71-A7FB-11CD-0B1DFF14B1E6}.Debug|x64.ActiveCfg = Debug|x64
		{13265FD0-FA71-A7FB-11CD-0B1DFF14B1E6}.Debug|x64.Build.0 = Debug|x64
		{13265FD0-FA71-A7FB-11CD-0B1DFF14B1E6}.Release|Any CPU.ActiveCfg = Release|x64
		{13265FD0-FA71-A7FB-11CD-0B1DFF14B1E6}.Release|Any CPU.Build.0 = Release|x64
		{13265FD0-FA71-A7FB-11CD-0B1DFF14B1E6}.Release|x64.ActiveCfg = Release|x64
		{13265FD0-FA71-A7FB-11CD-0B1DFF14B1E6}.Release|x64.Build.0 = Release|x64
		{89615477-0F19-E7EF-4FC6-ABEEA9BC2754}.Debug|Any CPU.ActiveCfg = Debug|x64
		{89615477-0F19-E7EF-4FC6-ABEEA9BC2754}.Debug|Any CPU.Build.0 = Debug|x64
		{89615477-0F19-E7EF-4FC6-ABEEA9BC2754}.Debug|x64.ActiveCfg = Debug|x64
		{89615477-0F19-E7EF-4FC6-ABEEA9BC2754}.Debug|x64.Build.0 = Debug|x64
		{89615477-0F19-E7EF-4FC6-ABEEA9BC2754}.Release|Any CPU.ActiveCfg = Release|x64
		{89615477-0F19-E7EF-4FC6-ABEEA9BC2754}.Release|Any CPU.Build.0 = Release|x64
		{89615477-0F19-E7EF-4FC6-ABEEA9BC2754}.Release|x64.ActiveCfg = Release|x64
		{89615477-0F19-E7EF-4FC6-ABEEA9BC2754}.Release|x64.Build.0 = Release|x64
		{8E995D03-E003-FA6D-368B-B8FB2A1838E4}.Debug|Any CPU.ActiveCfg = Debug|Any CPU
		{8E995D03-E003-FA6D-368B-B8FB2A1838E4}.Debug|Any CPU.Build.0 = Debug|Any CPU
		{8E995D03-E003-FA6D-368B-B8FB2A1838E4}.Debug|x64.ActiveCfg = Debug|Any CPU
		{8E995D03-E003-FA6D-368B-B8FB2A1838E4}.Debug|x64.Build.0 = Debug|Any CPU
		{8E995D03-E003-FA6D-368B-B8FB2A1838E4}.Release|Any CPU.ActiveCfg = Release|Any CPU
		{8E995D03-E003-FA6D-368B-B8FB2A1838E4}.Release|Any CPU.Build.0 = Release|Any CPU
		{8E995D03-E003-FA6D-368B-B8FB2A1838E4}.Release|x64.ActiveCfg = Release|Any CPU
		{8E995D03-E003-FA6D-368B-B8FB2A1838E4}.Release|x64.Build.0 = Release|Any CPU
		{B0C2C689-041F-43DE-8F4A-05D220D86C93}.Debug|Any CPU.ActiveCfg = Debug|Any CPU
		{B0C2C689-041F-43DE-8F4A-05D220D86C93}.Debug|Any CPU.Build.0 = Debug|Any CPU
		{B0C2C689-041F-43DE-8F4A-05D220D86C93}.Debug|x64.ActiveCfg = Debug|Any CPU
		{B0C2C689-041F-43DE-8F4A-05D220D86C93}.Debug|x64.Build.0 = Debug|Any CPU
		{B0C2C689-041F-43DE-8F4A-05D220D86C93}.Release|Any CPU.ActiveCfg = Release|Any CPU
		{B0C2C689-041F-43DE-8F4A-05D220D86C93}.Release|Any CPU.Build.0 = Release|Any CPU
		{B0C2C689-041F-43DE-8F4A-05D220D86C93}.Release|x64.ActiveCfg = Release|Any CPU
		{B0C2C689-041F-43DE-8F4A-05D220D86C93}.Release|x64.Build.0 = Release|Any CPU
	EndGlobalSection
	GlobalSection(SolutionProperties) = preSolution
		HideSolutionNode = FALSE
	EndGlobalSection
EndGlobal
